
Microsoft Visual Studio Solution File, Format Version 12.00
# Visual Studio Version 17
VisualStudioVersion = 17.0.31903.59
MinimumVisualStudioVersion = 10.0.40219.1
Project("{FAE04EC0-301F-11D3-BF4B-00C04F79EFBC}") = "Ktu.T120B178.Api", "Ktu.T120B178.Api\Ktu.T120B178.Api.csproj", "{1A87BD0D-766F-4F04-96E3-514BC1190B5C}"
EndProject
Project("{2150E333-8FDC-42A3-9474-1A3956D46DE8}") = "tests", "tests", "{94932316-37F0-42E7-9999-C5382502FD52}"
EndProject
Project("{2150E333-8FDC-42A3-9474-1A3956D46DE8}") = "src", "src", "{282485DD-C532-48B0-A7C9-5B6535A9FE0C}"
EndProject
Project("{FAE04EC0-301F-11D3-BF4B-00C04F79EFBC}") = "Ktu.T120B178.Api.Tests", "Ktu.T120B178.Api.Tests\Ktu.T120B178.Api.Tests.csproj", "{81E05827-A55B-47DF-BD35-23B0AC2FF29E}"
EndProject
Global
	GlobalSection(SolutionConfigurationPlatforms) = preSolution
		Debug|Any CPU = Debug|Any CPU
		Release|Any CPU = Release|Any CPU
	EndGlobalSection
	GlobalSection(SolutionProperties) = preSolution
		HideSolutionNode = FALSE
	EndGlobalSection
	GlobalSection(ProjectConfigurationPlatforms) = postSolution
		{1A87BD0D-766F-4F04-96E3-514BC1190B5C}.Debug|Any CPU.ActiveCfg = Debug|Any CPU
		{1A87BD0D-766F-4F04-96E3-514BC1190B5C}.Debug|Any CPU.Build.0 = Debug|Any CPU
		{1A87BD0D-766F-4F04-96E3-514BC1190B5C}.Release|Any CPU.ActiveCfg = Release|Any CPU
		{1A87BD0D-766F-4F04-96E3-514BC1190B5C}.Release|Any CPU.Build.0 = Release|Any CPU
		{81E05827-A55B-47DF-BD35-23B0AC2FF29E}.Debug|Any CPU.ActiveCfg = Debug|Any CPU
		{81E05827-A55B-47DF-BD35-23B0AC2FF29E}.Debug|Any CPU.Build.0 = Debug|Any CPU
		{81E05827-A55B-47DF-BD35-23B0AC2FF29E}.Release|Any CPU.ActiveCfg = Release|Any CPU
		{81E05827-A55B-47DF-BD35-23B0AC2FF29E}.Release|Any CPU.Build.0 = Release|Any CPU
	EndGlobalSection
	GlobalSection(NestedProjects) = preSolution
		{1A87BD0D-766F-4F04-96E3-514BC1190B5C} = {282485DD-C532-48B0-A7C9-5B6535A9FE0C}
		{81E05827-A55B-47DF-BD35-23B0AC2FF29E} = {94932316-37F0-42E7-9999-C5382502FD52}
	EndGlobalSection
EndGlobal
